
Microsoft Visual Studio Solution File, Format Version 12.00
# Visual Studio Express 2013 for Windows Desktop
VisualStudioVersion = 12.0.31101.0
MinimumVisualStudioVersion = 10.0.40219.1
Project("{FAE04EC0-301F-11D3-BF4B-00C04F79EFBC}") = "KabuWin2MainMenu", "KabuWin2MainMenu\KabuWin2MainMenu.csproj", "{545C79BE-B5D9-4FB4-AC36-2FA3E5CA0A0D}"
EndProject
Project("{FAE04EC0-301F-11D3-BF4B-00C04F79EFBC}") = "KabuWin2Test1", "KabuWin2Test1\KabuWin2Test1.csproj", "{72FC4E41-990D-454E-BE29-1229022E88E0}"
EndProject
Global
	GlobalSection(SolutionConfigurationPlatforms) = preSolution
		Debug|Any CPU = Debug|Any CPU
		Release|Any CPU = Release|Any CPU
	EndGlobalSection
	GlobalSection(ProjectConfigurationPlatforms) = postSolution
		{545C79BE-B5D9-4FB4-AC36-2FA3E5CA0A0D}.Debug|Any CPU.ActiveCfg = Debug|Any CPU
		{545C79BE-B5D9-4FB4-AC36-2FA3E5CA0A0D}.Debug|Any CPU.Build.0 = Debug|Any CPU
		{545C79BE-B5D9-4FB4-AC36-2FA3E5CA0A0D}.Release|Any CPU.ActiveCfg = Release|Any CPU
		{545C79BE-B5D9-4FB4-AC36-2FA3E5CA0A0D}.Release|Any CPU.Build.0 = Release|Any CPU
		{72FC4E41-990D-454E-BE29-1229022E88E0}.Debug|Any CPU.ActiveCfg = Debug|Any CPU
		{72FC4E41-990D-454E-BE29-1229022E88E0}.Debug|Any CPU.Build.0 = Debug|Any CPU
		{72FC4E41-990D-454E-BE29-1229022E88E0}.Release|Any CPU.ActiveCfg = Release|Any CPU
		{72FC4E41-990D-454E-BE29-1229022E88E0}.Release|Any CPU.Build.0 = Release|Any CPU
	EndGlobalSection
	GlobalSection(SolutionProperties) = preSolution
		HideSolutionNode = FALSE
	EndGlobalSection
EndGlobal
